
Microsoft Visual Studio Solution File, Format Version 12.00
# Visual Studio 15
VisualStudioVersion = 15.0.27703.2035
MinimumVisualStudioVersion = 10.0.40219.1
Project("{FAE04EC0-301F-11D3-BF4B-00C04F79EFBC}") = "Exemplo_01", "Exemplo_01\Exemplo_01.csproj", "{A8244EEB-71B3-43D4-A385-87902D796CFB}"
EndProject
Project("{FAE04EC0-301F-11D3-BF4B-00C04F79EFBC}") = "Exemplo_02", "Exemplo_02\Exemplo_02.csproj", "{85559E74-3679-4882-97D7-B633403F84A2}"
EndProject
Project("{FAE04EC0-301F-11D3-BF4B-00C04F79EFBC}") = "Exemplo_03", "Exemplo_03\Exemplo_03.csproj", "{381C776A-144C-4533-BEC1-4BED7C8DE53E}"
EndProject
Project("{FAE04EC0-301F-11D3-BF4B-00C04F79EFBC}") = "Exemplo_04", "Exemplo_04\Exemplo_04.csproj", "{44D5CCA5-910F-4A2A-9730-2682C2751ED1}"
EndProject
Project("{FAE04EC0-301F-11D3-BF4B-00C04F79EFBC}") = "Exemplo_05", "Exemplo_05\Exemplo_05.csproj", "{EF76CF58-E103-41A0-A1FE-C5A399BD9095}"
EndProject
Project("{FAE04EC0-301F-11D3-BF4B-00C04F79EFBC}") = "Exemplo_06", "Exemplo_06\Exemplo_06.csproj", "{B2612254-93BB-4EC6-B9FE-138FAE403C24}"
EndProject
Project("{FAE04EC0-301F-11D3-BF4B-00C04F79EFBC}") = "Exemplo_07", "Exemplo_07\Exemplo_07.csproj", "{0A22085A-7001-4F7A-B85E-FFC6C778F0E9}"
EndProject
Global
	GlobalSection(SolutionConfigurationPlatforms) = preSolution
		Debug|Any CPU = Debug|Any CPU
		Release|Any CPU = Release|Any CPU
	EndGlobalSection
	GlobalSection(ProjectConfigurationPlatforms) = postSolution
		{A8244EEB-71B3-43D4-A385-87902D796CFB}.Debug|Any CPU.ActiveCfg = Debug|Any CPU
		{A8244EEB-71B3-43D4-A385-87902D796CFB}.Debug|Any CPU.Build.0 = Debug|Any CPU
		{A8244EEB-71B3-43D4-A385-87902D796CFB}.Release|Any CPU.ActiveCfg = Release|Any CPU
		{A8244EEB-71B3-43D4-A385-87902D796CFB}.Release|Any CPU.Build.0 = Release|Any CPU
		{85559E74-3679-4882-97D7-B633403F84A2}.Debug|Any CPU.ActiveCfg = Debug|Any CPU
		{85559E74-3679-4882-97D7-B633403F84A2}.Debug|Any CPU.Build.0 = Debug|Any CPU
		{85559E74-3679-4882-97D7-B633403F84A2}.Release|Any CPU.ActiveCfg = Release|Any CPU
		{85559E74-3679-4882-97D7-B633403F84A2}.Release|Any CPU.Build.0 = Release|Any CPU
		{381C776A-144C-4533-BEC1-4BED7C8DE53E}.Debug|Any CPU.ActiveCfg = Debug|Any CPU
		{381C776A-144C-4533-BEC1-4BED7C8DE53E}.Debug|Any CPU.Build.0 = Debug|Any CPU
		{381C776A-144C-4533-BEC1-4BED7C8DE53E}.Release|Any CPU.ActiveCfg = Release|Any CPU
		{381C776A-144C-4533-BEC1-4BED7C8DE53E}.Release|Any CPU.Build.0 = Release|Any CPU
		{44D5CCA5-910F-4A2A-9730-2682C2751ED1}.Debug|Any CPU.ActiveCfg = Debug|Any CPU
		{44D5CCA5-910F-4A2A-9730-2682C2751ED1}.Debug|Any CPU.Build.0 = Debug|Any CPU
		{44D5CCA5-910F-4A2A-9730-2682C2751ED1}.Release|Any CPU.ActiveCfg = Release|Any CPU
		{44D5CCA5-910F-4A2A-9730-2682C2751ED1}.Release|Any CPU.Build.0 = Release|Any CPU
		{EF76CF58-E103-41A0-A1FE-C5A399BD9095}.Debug|Any CPU.ActiveCfg = Debug|Any CPU
		{EF76CF58-E103-41A0-A1FE-C5A399BD9095}.Debug|Any CPU.Build.0 = Debug|Any CPU
		{EF76CF58-E103-41A0-A1FE-C5A399BD9095}.Release|Any CPU.ActiveCfg = Release|Any CPU
		{EF76CF58-E103-41A0-A1FE-C5A399BD9095}.Release|Any CPU.Build.0 = Release|Any CPU
		{B2612254-93BB-4EC6-B9FE-138FAE403C24}.Debug|Any CPU.ActiveCfg = Debug|Any CPU
		{B2612254-93BB-4EC6-B9FE-138FAE403C24}.Debug|Any CPU.Build.0 = Debug|Any CPU
		{B2612254-93BB-4EC6-B9FE-138FAE403C24}.Release|Any CPU.ActiveCfg = Release|Any CPU
		{B2612254-93BB-4EC6-B9FE-138FAE403C24}.Release|Any CPU.Build.0 = Release|Any CPU
		{0A22085A-7001-4F7A-B85E-FFC6C778F0E9}.Debug|Any CPU.ActiveCfg = Debug|Any CPU
		{0A22085A-7001-4F7A-B85E-FFC6C778F0E9}.Debug|Any CPU.Build.0 = Debug|Any CPU
		{0A22085A-7001-4F7A-B85E-FFC6C778F0E9}.Release|Any CPU.ActiveCfg = Release|Any CPU
		{0A22085A-7001-4F7A-B85E-FFC6C778F0E9}.Release|Any CPU.Build.0 = Release|Any CPU
	EndGlobalSection
	GlobalSection(SolutionProperties) = preSolution
		HideSolutionNode = FALSE
	EndGlobalSection
	GlobalSection(ExtensibilityGlobals) = postSolution
		SolutionGuid = {DDA1A7D2-E239-4C9A-87C6-BE259724D005}
	EndGlobalSection
EndGlobal
