
Microsoft Visual Studio Solution File, Format Version 12.00
# Visual Studio Version 16
VisualStudioVersion = 16.0.29009.5
MinimumVisualStudioVersion = 10.0.40219.1
Project("{FAE04EC0-301F-11D3-BF4B-00C04F79EFBC}") = "Exemplo_01", "Exemplo_01\Exemplo_01.csproj", "{4B95BF66-F59E-451D-A872-A1DBB3E57561}"
EndProject
Project("{FAE04EC0-301F-11D3-BF4B-00C04F79EFBC}") = "Exemplo_02", "Exemplo_02\Exemplo_02.csproj", "{B1CCE4DD-8DBE-4444-A3D9-1C373869BBA3}"
EndProject
Project("{FAE04EC0-301F-11D3-BF4B-00C04F79EFBC}") = "Exemplo_03", "Exemplo_03\Exemplo_03.csproj", "{E1FACDDC-9419-4673-8C95-DD923F8E5056}"
EndProject
Project("{FAE04EC0-301F-11D3-BF4B-00C04F79EFBC}") = "Exemplo_04", "Exemplo_04\Exemplo_04.csproj", "{C486CDC3-B9AB-4AD3-B077-ACABD7F1E321}"
EndProject
Global
	GlobalSection(SolutionConfigurationPlatforms) = preSolution
		Debug|Any CPU = Debug|Any CPU
		Release|Any CPU = Release|Any CPU
	EndGlobalSection
	GlobalSection(ProjectConfigurationPlatforms) = postSolution
		{4B95BF66-F59E-451D-A872-A1DBB3E57561}.Debug|Any CPU.ActiveCfg = Debug|Any CPU
		{4B95BF66-F59E-451D-A872-A1DBB3E57561}.Debug|Any CPU.Build.0 = Debug|Any CPU
		{4B95BF66-F59E-451D-A872-A1DBB3E57561}.Release|Any CPU.ActiveCfg = Release|Any CPU
		{4B95BF66-F59E-451D-A872-A1DBB3E57561}.Release|Any CPU.Build.0 = Release|Any CPU
		{B1CCE4DD-8DBE-4444-A3D9-1C373869BBA3}.Debug|Any CPU.ActiveCfg = Debug|Any CPU
		{B1CCE4DD-8DBE-4444-A3D9-1C373869BBA3}.Debug|Any CPU.Build.0 = Debug|Any CPU
		{B1CCE4DD-8DBE-4444-A3D9-1C373869BBA3}.Release|Any CPU.ActiveCfg = Release|Any CPU
		{B1CCE4DD-8DBE-4444-A3D9-1C373869BBA3}.Release|Any CPU.Build.0 = Release|Any CPU
		{E1FACDDC-9419-4673-8C95-DD923F8E5056}.Debug|Any CPU.ActiveCfg = Debug|Any CPU
		{E1FACDDC-9419-4673-8C95-DD923F8E5056}.Debug|Any CPU.Build.0 = Debug|Any CPU
		{E1FACDDC-9419-4673-8C95-DD923F8E5056}.Release|Any CPU.ActiveCfg = Release|Any CPU
		{E1FACDDC-9419-4673-8C95-DD923F8E5056}.Release|Any CPU.Build.0 = Release|Any CPU
		{C486CDC3-B9AB-4AD3-B077-ACABD7F1E321}.Debug|Any CPU.ActiveCfg = Debug|Any CPU
		{C486CDC3-B9AB-4AD3-B077-ACABD7F1E321}.Debug|Any CPU.Build.0 = Debug|Any CPU
		{C486CDC3-B9AB-4AD3-B077-ACABD7F1E321}.Release|Any CPU.ActiveCfg = Release|Any CPU
		{C486CDC3-B9AB-4AD3-B077-ACABD7F1E321}.Release|Any CPU.Build.0 = Release|Any CPU
	EndGlobalSection
	GlobalSection(SolutionProperties) = preSolution
		HideSolutionNode = FALSE
	EndGlobalSection
	GlobalSection(ExtensibilityGlobals) = postSolution
		SolutionGuid = {AC1F1E3C-834B-43DE-8FEA-BB786C81A691}
	EndGlobalSection
EndGlobal
