
Microsoft Visual Studio Solution File, Format Version 12.00
# Visual Studio 15
VisualStudioVersion = 15.0.27703.2035
MinimumVisualStudioVersion = 10.0.40219.1
Project("{FAE04EC0-301F-11D3-BF4B-00C04F79EFBC}") = "Calculadora_Real", "Calculadora_Real\Calculadora_Real.csproj", "{2D214B5F-5C70-4FF8-AA02-1C005D627099}"
EndProject
Global
	GlobalSection(SolutionConfigurationPlatforms) = preSolution
		Debug|Any CPU = Debug|Any CPU
		Release|Any CPU = Release|Any CPU
	EndGlobalSection
	GlobalSection(ProjectConfigurationPlatforms) = postSolution
		{2D214B5F-5C70-4FF8-AA02-1C005D627099}.Debug|Any CPU.ActiveCfg = Debug|Any CPU
		{2D214B5F-5C70-4FF8-AA02-1C005D627099}.Debug|Any CPU.Build.0 = Debug|Any CPU
		{2D214B5F-5C70-4FF8-AA02-1C005D627099}.Release|Any CPU.ActiveCfg = Release|Any CPU
		{2D214B5F-5C70-4FF8-AA02-1C005D627099}.Release|Any CPU.Build.0 = Release|Any CPU
	EndGlobalSection
	GlobalSection(SolutionProperties) = preSolution
		HideSolutionNode = FALSE
	EndGlobalSection
	GlobalSection(ExtensibilityGlobals) = postSolution
		SolutionGuid = {0B51D79C-91E1-4EB5-BC66-D8BF25EE97A2}
	EndGlobalSection
EndGlobal
