
Microsoft Visual Studio Solution File, Format Version 12.00
# Visual Studio 15
VisualStudioVersion = 15.0.27703.2035
MinimumVisualStudioVersion = 10.0.40219.1
Project("{FAE04EC0-301F-11D3-BF4B-00C04F79EFBC}") = "ProjetoCalculadora", "ProjetoCalculadora\ProjetoCalculadora.csproj", "{613DCB60-7021-47B6-9864-1012615760BA}"
EndProject
Global
	GlobalSection(SolutionConfigurationPlatforms) = preSolution
		Debug|Any CPU = Debug|Any CPU
		Release|Any CPU = Release|Any CPU
	EndGlobalSection
	GlobalSection(ProjectConfigurationPlatforms) = postSolution
		{613DCB60-7021-47B6-9864-1012615760BA}.Debug|Any CPU.ActiveCfg = Debug|Any CPU
		{613DCB60-7021-47B6-9864-1012615760BA}.Debug|Any CPU.Build.0 = Debug|Any CPU
		{613DCB60-7021-47B6-9864-1012615760BA}.Release|Any CPU.ActiveCfg = Release|Any CPU
		{613DCB60-7021-47B6-9864-1012615760BA}.Release|Any CPU.Build.0 = Release|Any CPU
	EndGlobalSection
	GlobalSection(SolutionProperties) = preSolution
		HideSolutionNode = FALSE
	EndGlobalSection
	GlobalSection(ExtensibilityGlobals) = postSolution
		SolutionGuid = {DB3DDB78-341B-4304-A0A1-2435759B0416}
	EndGlobalSection
EndGlobal
